
Microsoft Visual Studio Solution File, Format Version 12.00
# Visual Studio Version 17
VisualStudioVersion = 17.2.32516.85
MinimumVisualStudioVersion = 10.0.40219.1
Project("{FAE04EC0-301F-11D3-BF4B-00C04F79EFBC}") = "EmployeeManagerDemo", "EmployeeManagerDemo\EmployeeManagerDemo.csproj", "{381B904D-16B3-49BF-9A4E-1568F41CEF71}"
EndProject
Global
	GlobalSection(SolutionConfigurationPlatforms) = preSolution
		Debug|Any CPU = Debug|Any CPU
		Release|Any CPU = Release|Any CPU
	EndGlobalSection
	GlobalSection(ProjectConfigurationPlatforms) = postSolution
		{381B904D-16B3-49BF-9A4E-1568F41CEF71}.Debug|Any CPU.ActiveCfg = Debug|Any CPU
		{381B904D-16B3-49BF-9A4E-1568F41CEF71}.Debug|Any CPU.Build.0 = Debug|Any CPU
		{381B904D-16B3-49BF-9A4E-1568F41CEF71}.Release|Any CPU.ActiveCfg = Release|Any CPU
		{381B904D-16B3-49BF-9A4E-1568F41CEF71}.Release|Any CPU.Build.0 = Release|Any CPU
	EndGlobalSection
	GlobalSection(SolutionProperties) = preSolution
		HideSolutionNode = FALSE
	EndGlobalSection
	GlobalSection(ExtensibilityGlobals) = postSolution
		SolutionGuid = {0781AD2B-B92F-4961-A49E-DB390EFFB67A}
	EndGlobalSection
EndGlobal
