
Microsoft Visual Studio Solution File, Format Version 12.00
# Visual Studio Version 17
VisualStudioVersion = 17.2.32516.85
MinimumVisualStudioVersion = 10.0.40219.1
Project("{9A19103F-16F7-4668-BE54-9A1E7A4F7556}") = "EmployeeManagerDemo", "EmployeeManagerDemo\EmployeeManagerDemo.csproj", "{381B904D-16B3-49BF-9A4E-1568F41CEF71}"
EndProject
Project("{9A19103F-16F7-4668-BE54-9A1E7A4F7556}") = "CarSales.App", "..\..\CarSales\CarSales\CarSales.App\CarSales.App.csproj", "{2EF82244-9FED-4521-ADB4-A16909BA86B2}"
EndProject
Project("{9A19103F-16F7-4668-BE54-9A1E7A4F7556}") = "TestEmployeeManagement", "TestEmployeeManagement\TestEmployeeManagement.csproj", "{FD4ED1D6-F5D7-48C5-B17A-AD6F2E8AC9EC}"
EndProject
Project("{9A19103F-16F7-4668-BE54-9A1E7A4F7556}") = "LINQExamples.Cars", "..\..\LINQExamples\LINQExamples\LINQExamples.Cars\LINQExamples.Cars.csproj", "{3F430C61-6DB3-4FA2-A00A-75FC73D2F8F8}"
EndProject
Project("{9A19103F-16F7-4668-BE54-9A1E7A4F7556}") = "LINQExamples.CarsWithManufacturers", "..\..\LINQExamples\LINQExamples\LINQExamples.CarsWithManufacturers\LINQExamples.CarsWithManufacturers.csproj", "{04A0F827-14BA-4141-8D60-73E3C28E186C}"
EndProject
Project("{9A19103F-16F7-4668-BE54-9A1E7A4F7556}") = "LINQExamples.Numbers", "..\..\LINQExamples\LINQExamples\LINQExamples.Numbers\LINQExamples.Numbers.csproj", "{66F0BE51-0D29-4634-BEF9-D579B8BE31C2}"
EndProject
Global
	GlobalSection(SolutionConfigurationPlatforms) = preSolution
		Debug|Any CPU = Debug|Any CPU
		Release|Any CPU = Release|Any CPU
	EndGlobalSection
	GlobalSection(ProjectConfigurationPlatforms) = postSolution
		{381B904D-16B3-49BF-9A4E-1568F41CEF71}.Debug|Any CPU.ActiveCfg = Debug|Any CPU
		{381B904D-16B3-49BF-9A4E-1568F41CEF71}.Debug|Any CPU.Build.0 = Debug|Any CPU
		{381B904D-16B3-49BF-9A4E-1568F41CEF71}.Release|Any CPU.ActiveCfg = Release|Any CPU
		{381B904D-16B3-49BF-9A4E-1568F41CEF71}.Release|Any CPU.Build.0 = Release|Any CPU
		{2EF82244-9FED-4521-ADB4-A16909BA86B2}.Debug|Any CPU.ActiveCfg = Debug|Any CPU
		{2EF82244-9FED-4521-ADB4-A16909BA86B2}.Debug|Any CPU.Build.0 = Debug|Any CPU
		{2EF82244-9FED-4521-ADB4-A16909BA86B2}.Release|Any CPU.ActiveCfg = Release|Any CPU
		{2EF82244-9FED-4521-ADB4-A16909BA86B2}.Release|Any CPU.Build.0 = Release|Any CPU
		{FD4ED1D6-F5D7-48C5-B17A-AD6F2E8AC9EC}.Debug|Any CPU.ActiveCfg = Debug|Any CPU
		{FD4ED1D6-F5D7-48C5-B17A-AD6F2E8AC9EC}.Debug|Any CPU.Build.0 = Debug|Any CPU
		{FD4ED1D6-F5D7-48C5-B17A-AD6F2E8AC9EC}.Release|Any CPU.ActiveCfg = Release|Any CPU
		{FD4ED1D6-F5D7-48C5-B17A-AD6F2E8AC9EC}.Release|Any CPU.Build.0 = Release|Any CPU
		{3F430C61-6DB3-4FA2-A00A-75FC73D2F8F8}.Debug|Any CPU.ActiveCfg = Debug|Any CPU
		{3F430C61-6DB3-4FA2-A00A-75FC73D2F8F8}.Debug|Any CPU.Build.0 = Debug|Any CPU
		{3F430C61-6DB3-4FA2-A00A-75FC73D2F8F8}.Release|Any CPU.ActiveCfg = Release|Any CPU
		{3F430C61-6DB3-4FA2-A00A-75FC73D2F8F8}.Release|Any CPU.Build.0 = Release|Any CPU
		{04A0F827-14BA-4141-8D60-73E3C28E186C}.Debug|Any CPU.ActiveCfg = Debug|Any CPU
		{04A0F827-14BA-4141-8D60-73E3C28E186C}.Debug|Any CPU.Build.0 = Debug|Any CPU
		{04A0F827-14BA-4141-8D60-73E3C28E186C}.Release|Any CPU.ActiveCfg = Release|Any CPU
		{04A0F827-14BA-4141-8D60-73E3C28E186C}.Release|Any CPU.Build.0 = Release|Any CPU
		{66F0BE51-0D29-4634-BEF9-D579B8BE31C2}.Debug|Any CPU.ActiveCfg = Debug|Any CPU
		{66F0BE51-0D29-4634-BEF9-D579B8BE31C2}.Debug|Any CPU.Build.0 = Debug|Any CPU
		{66F0BE51-0D29-4634-BEF9-D579B8BE31C2}.Release|Any CPU.ActiveCfg = Release|Any CPU
		{66F0BE51-0D29-4634-BEF9-D579B8BE31C2}.Release|Any CPU.Build.0 = Release|Any CPU
	EndGlobalSection
	GlobalSection(SolutionProperties) = preSolution
		HideSolutionNode = FALSE
	EndGlobalSection
	GlobalSection(ExtensibilityGlobals) = postSolution
		SolutionGuid = {0781AD2B-B92F-4961-A49E-DB390EFFB67A}
	EndGlobalSection
EndGlobal
